
Microsoft Visual Studio Solution File, Format Version 12.00
# Visual Studio Version 16
VisualStudioVersion = 16.0.29509.3
MinimumVisualStudioVersion = 10.0.40219.1
Project("{FAE04EC0-301F-11D3-BF4B-00C04F79EFBC}") = "Futoszalag", "Futoszalag\Futoszalag.csproj", "{D95727C4-0491-44BA-811B-51F5259AAF16}"
EndProject
Global
	GlobalSection(SolutionConfigurationPlatforms) = preSolution
		Debug|Any CPU = Debug|Any CPU
		Release|Any CPU = Release|Any CPU
	EndGlobalSection
	GlobalSection(ProjectConfigurationPlatforms) = postSolution
		{D95727C4-0491-44BA-811B-51F5259AAF16}.Debug|Any CPU.ActiveCfg = Debug|Any CPU
		{D95727C4-0491-44BA-811B-51F5259AAF16}.Debug|Any CPU.Build.0 = Debug|Any CPU
		{D95727C4-0491-44BA-811B-51F5259AAF16}.Release|Any CPU.ActiveCfg = Release|Any CPU
		{D95727C4-0491-44BA-811B-51F5259AAF16}.Release|Any CPU.Build.0 = Release|Any CPU
	EndGlobalSection
	GlobalSection(SolutionProperties) = preSolution
		HideSolutionNode = FALSE
	EndGlobalSection
	GlobalSection(ExtensibilityGlobals) = postSolution
		SolutionGuid = {7D6D4F7C-808C-442C-94A7-B706004E16D5}
	EndGlobalSection
EndGlobal
